Microsoft Visual Studio Solution File, Format Version 12.00
# Visual Studio 2012
Project("{FAE04EC0-301F-11D3-BF4B-00C04F79EFBC}") = "12 Days Before Quota", "12 Days Before Quota.csproj", "{61C114D1-3589-431D-8FBB-577D85429ABB}"
EndProject
Global
	GlobalSection(SolutionConfigurationPlatforms) = preSolution
	Debug|Any CPU = Debug|Any CPU
	ExportDebug|Any CPU = ExportDebug|Any CPU
	ExportRelease|Any CPU = ExportRelease|Any CPU
	EndGlobalSection
	GlobalSection(ProjectConfigurationPlatforms) = postSolution
		{61C114D1-3589-431D-8FBB-577D85429ABB}.Debug|Any CPU.ActiveCfg = Debug|Any CPU
		{61C114D1-3589-431D-8FBB-577D85429ABB}.Debug|Any CPU.Build.0 = Debug|Any CPU
		{61C114D1-3589-431D-8FBB-577D85429ABB}.ExportDebug|Any CPU.ActiveCfg = ExportDebug|Any CPU
		{61C114D1-3589-431D-8FBB-577D85429ABB}.ExportDebug|Any CPU.Build.0 = ExportDebug|Any CPU
		{61C114D1-3589-431D-8FBB-577D85429ABB}.ExportRelease|Any CPU.ActiveCfg = ExportRelease|Any CPU
		{61C114D1-3589-431D-8FBB-577D85429ABB}.ExportRelease|Any CPU.Build.0 = ExportRelease|Any CPU
	EndGlobalSection
EndGlobal
